
Microsoft Visual Studio Solution File, Format Version 12.00
# Visual Studio Version 17
VisualStudioVersion = 17.2.32616.157
MinimumVisualStudioVersion = 10.0.40219.1
Project("{FAE04EC0-301F-11D3-BF4B-00C04F79EFBC}") = "OkulYonetimUygulamasi", "OkulYonetimUygulamasi\OkulYonetimUygulamasi.csproj", "{C385A21B-45B5-431B-AA0E-E1541CF461AB}"
EndProject
Global
	GlobalSection(SolutionConfigurationPlatforms) = preSolution
		Debug|Any CPU = Debug|Any CPU
		Release|Any CPU = Release|Any CPU
	EndGlobalSection
	GlobalSection(ProjectConfigurationPlatforms) = postSolution
		{C385A21B-45B5-431B-AA0E-E1541CF461AB}.Debug|Any CPU.ActiveCfg = Debug|Any CPU
		{C385A21B-45B5-431B-AA0E-E1541CF461AB}.Debug|Any CPU.Build.0 = Debug|Any CPU
		{C385A21B-45B5-431B-AA0E-E1541CF461AB}.Release|Any CPU.ActiveCfg = Release|Any CPU
		{C385A21B-45B5-431B-AA0E-E1541CF461AB}.Release|Any CPU.Build.0 = Release|Any CPU
	EndGlobalSection
	GlobalSection(SolutionProperties) = preSolution
		HideSolutionNode = FALSE
	EndGlobalSection
	GlobalSection(ExtensibilityGlobals) = postSolution
		SolutionGuid = {D0196D9A-2F83-475D-B4F9-1B3EEAA7CD9C}
	EndGlobalSection
EndGlobal
